
Microsoft Visual Studio Solution File, Format Version 12.00
# Visual Studio 15
VisualStudioVersion = 15.0.27428.2015
MinimumVisualStudioVersion = 10.0.40219.1
Project("{FAE04EC0-301F-11D3-BF4B-00C04F79EFBC}") = "YoutubeDotMp3", "YoutubeDotMp3\YoutubeDotMp3.csproj", "{6209222C-8225-4D1E-8F31-E0102F90E049}"
EndProject
Global
	GlobalSection(SolutionConfigurationPlatforms) = preSolution
		Debug|Any CPU = Debug|Any CPU
		Release|Any CPU = Release|Any CPU
	EndGlobalSection
	GlobalSection(ProjectConfigurationPlatforms) = postSolution
		{6209222C-8225-4D1E-8F31-E0102F90E049}.Debug|Any CPU.ActiveCfg = Debug|Any CPU
		{6209222C-8225-4D1E-8F31-E0102F90E049}.Debug|Any CPU.Build.0 = Debug|Any CPU
		{6209222C-8225-4D1E-8F31-E0102F90E049}.Release|Any CPU.ActiveCfg = Release|Any CPU
		{6209222C-8225-4D1E-8F31-E0102F90E049}.Release|Any CPU.Build.0 = Release|Any CPU
	EndGlobalSection
	GlobalSection(SolutionProperties) = preSolution
		HideSolutionNode = FALSE
	EndGlobalSection
	GlobalSection(ExtensibilityGlobals) = postSolution
		SolutionGuid = {37DA657D-1125-4BB2-8CC1-69DE3443E496}
	EndGlobalSection
EndGlobal
